
Microsoft Visual Studio Solution File, Format Version 12.00
# Visual Studio 2013
VisualStudioVersion = 12.0.21005.1
MinimumVisualStudioVersion = 10.0.40219.1
Project("{FAE04EC0-301F-11D3-BF4B-00C04F79EFBC}") = "Laboratorio11", "Laboratorio11\Laboratorio11.csproj", "{90DB821D-7A94-4812-AAEA-00C6C37FB665}"
EndProject
Global
	GlobalSection(SolutionConfigurationPlatforms) = preSolution
		Debug|Any CPU = Debug|Any CPU
		Release|Any CPU = Release|Any CPU
	EndGlobalSection
	GlobalSection(ProjectConfigurationPlatforms) = postSolution
		{90DB821D-7A94-4812-AAEA-00C6C37FB665}.Debug|Any CPU.ActiveCfg = Debug|Any CPU
		{90DB821D-7A94-4812-AAEA-00C6C37FB665}.Debug|Any CPU.Build.0 = Debug|Any CPU
		{90DB821D-7A94-4812-AAEA-00C6C37FB665}.Release|Any CPU.ActiveCfg = Release|Any CPU
		{90DB821D-7A94-4812-AAEA-00C6C37FB665}.Release|Any CPU.Build.0 = Release|Any CPU
	EndGlobalSection
	GlobalSection(SolutionProperties) = preSolution
		HideSolutionNode = FALSE
	EndGlobalSection
EndGlobal
