
Microsoft Visual Studio Solution File, Format Version 12.00
# Visual Studio Version 16
VisualStudioVersion = 16.0.34729.46
MinimumVisualStudioVersion = 10.0.40219.1
Project("{FAE04EC0-301F-11D3-BF4B-00C04F79EFBC}") = "Laboratorio2", "Laboratorio2.csproj", "{D06ED579-833E-414A-880A-7EDC8CCAA863}"
EndProject
Global
	GlobalSection(SolutionConfigurationPlatforms) = preSolution
		Debug|Any CPU = Debug|Any CPU
		Release|Any CPU = Release|Any CPU
	EndGlobalSection
	GlobalSection(ProjectConfigurationPlatforms) = postSolution
		{D06ED579-833E-414A-880A-7EDC8CCAA863}.Debug|Any CPU.ActiveCfg = Debug|Any CPU
		{D06ED579-833E-414A-880A-7EDC8CCAA863}.Debug|Any CPU.Build.0 = Debug|Any CPU
		{D06ED579-833E-414A-880A-7EDC8CCAA863}.Release|Any CPU.ActiveCfg = Release|Any CPU
		{D06ED579-833E-414A-880A-7EDC8CCAA863}.Release|Any CPU.Build.0 = Release|Any CPU
	EndGlobalSection
	GlobalSection(SolutionProperties) = preSolution
		HideSolutionNode = FALSE
	EndGlobalSection
	GlobalSection(ExtensibilityGlobals) = postSolution
		SolutionGuid = {9887EFEC-AF29-472F-88D8-495C8C8CD248}
	EndGlobalSection
EndGlobal
